
Microsoft Visual Studio Solution File, Format Version 12.00
# Visual Studio 2013
VisualStudioVersion = 12.0.21005.1
MinimumVisualStudioVersion = 10.0.40219.1
Project("{8BC9CEB8-8B4A-11D0-8D11-00A0C91BC942}") = "C_exam", "C_exam\C_exam.vcxproj", "{F209ADE6-0C31-4987-BE54-F147B03AFB07}"
EndProject
Global
	GlobalSection(SolutionConfigurationPlatforms) = preSolution
		Debug|Win32 = Debug|Win32
		Release|Win32 = Release|Win32
	EndGlobalSection
	GlobalSection(ProjectConfigurationPlatforms) = postSolution
		{F209ADE6-0C31-4987-BE54-F147B03AFB07}.Debug|Win32.ActiveCfg = Debug|Win32
		{F209ADE6-0C31-4987-BE54-F147B03AFB07}.Debug|Win32.Build.0 = Debug|Win32
		{F209ADE6-0C31-4987-BE54-F147B03AFB07}.Release|Win32.ActiveCfg = Release|Win32
		{F209ADE6-0C31-4987-BE54-F147B03AFB07}.Release|Win32.Build.0 = Release|Win32
	EndGlobalSection
	GlobalSection(SolutionProperties) = preSolution
		HideSolutionNode = FALSE
	EndGlobalSection
EndGlobal
